{
  "name": "forms",
  "version": "1.0.0",
  "lockfileVersion": 2,
  "requires": true,
  "packages": {
    "": {
      "name": "forms",
      "version": "1.0.0",
      "license": "ISC",
      "dependencies": {
        "rdf-form": "^0.0.7"
      },
      "devDependencies": {
        "@snowpack/plugin-sass": "^1.4.0",
        "@types/wicg-native-file-system": "^2020.6.0",
        "ube": "^0.2.1",
        "universal-router": "^9.1.0"
      }
    },
    "node_modules/@snowpack/plugin-sass": {
      "version": "1.4.0",
      "resolved": "https://registry.npmjs.org/@snowpack/plugin-sass/-/plugin-sass-1.4.0.tgz",
      "integrity": "sha512-Hzz/TYt4IKcjrInv+FyujLohtJHadZCUdz5nnfh1N7MwplHFmxgLuKiT8tsiafHFAGsuR+4ZpFTqLeSyQTHAhQ==",
      "dev": true,
      "dependencies": {
        "execa": "^5.0.0",
        "find-up": "^5.0.0",
        "npm-run-path": "^4.0.1",
        "sass": "^1.3.0"
      }
    },
    "node_modules/@types/wicg-native-file-system": {
      "version": "2020.6.0",
      "resolved": "https://registry.npmjs.org/@types/wicg-native-file-system/-/wicg-native-file-system-2020.6.0.tgz",
      "integrity": "sha512-M7n6jvHfUzUXDtf6UGpL6rVIddV7UzEYrvwZPORApeHvDGQnZJ79fXorLlDj8xJKyUemnEBohRd8yx09k9NBUw==",
      "deprecated": "@types/wicg-file-system-access is the correct name of this package",
      "dev": true
    },
    "node_modules/@ungap/create-content": {
      "version": "0.3.1",
      "resolved": "https://registry.npmjs.org/@ungap/create-content/-/create-content-0.3.1.tgz",
      "integrity": "sha512-SHzmtS3KHG+gzNhO/E0tFqs12vNC5H3YxpF8a8AeodB/iX3ZYcxzS8vgWXbDGmHy6bgl7m+f9+wDKBdqOVT5FA==",
      "dev": true
    },
    "node_modules/@ungap/is-connected": {
      "version": "0.2.0",
      "resolved": "https://registry.npmjs.org/@ungap/is-connected/-/is-connected-0.2.0.tgz",
      "integrity": "sha512-VK0rsCIpkY3WFsvc2ncC0Xz6/BzFjUZiLncP6zmahl62fK8SnFeCPNeL+peFWA1J4cRJvvOuO5QI5wR2rJGK1g==",
      "dev": true
    },
    "node_modules/anymatch": {
      "version": "3.1.2",
      "resolved": "https://registry.npmjs.org/anymatch/-/anymatch-3.1.2.tgz",
      "integrity": "sha512-P43ePfOAIupkguHUycrc4qJ9kz8ZiuOUijaETwX7THt0Y/GNK7v0aa8rY816xWjZ7rJdA5XdMcpVFTKMq+RvWg==",
      "dev": true,
      "dependencies": {
        "normalize-path": "^3.0.0",
        "picomatch": "^2.0.4"
      },
      "engines": {
        "node": ">= 8"
      }
    },
    "node_modules/async-tag": {
      "version": "0.2.0",
      "resolved": "https://registry.npmjs.org/async-tag/-/async-tag-0.2.0.tgz",
      "integrity": "sha512-hNstPiQvxVVJdkBjfBsNb3zDEM2IUY3Xp7qaadEnhaGXq1/OFdS+TuwjEJxnIvZRm7e13KrPW74fIeDra7P5vw==",
      "dev": true
    },
    "node_modules/binary-extensions": {
      "version": "2.2.0",
      "resolved": "https://registry.npmjs.org/binary-extensions/-/binary-extensions-2.2.0.tgz",
      "integrity": "sha512-jDctJ/IVQbZoJykoeHbhXpOlNBqGNcwXJKJog42E5HDPUwQTSdjCHdihjj0DlnheQ7blbT6dHOafNAiS8ooQKA==",
      "dev": true,
      "engines": {
        "node": ">=8"
      }
    },
    "node_modules/braces": {
      "version": "3.0.2",
      "resolved": "https://registry.npmjs.org/braces/-/braces-3.0.2.tgz",
      "integrity": "sha512-b8um+L1RzM3WDSzvhm6gIz1yfTbBt6YTlcEKAvsmqCZZFw46z626lVj9j1yEPW33H5H+lBQpZMP1k8l+78Ha0A==",
      "dev": true,
      "dependencies": {
        "fill-range": "^7.0.1"
      },
      "engines": {
        "node": ">=8"
      }
    },
    "node_modules/builtin-elements": {
      "version": "0.3.1",
      "resolved": "https://registry.npmjs.org/builtin-elements/-/builtin-elements-0.3.1.tgz",
      "integrity": "sha512-0Q8wFfWrluKJQhicvyjt0kVoqAPSQqcpDbbglsZ0ax0z7xbSlnVG5TZWmxVyVDg95RMsfCIxULU6LjOMr1qVXg==",
      "dev": true,
      "dependencies": {
        "@ungap/is-connected": "^0.2.0",
        "element-notifier": "^0.2.0"
      }
    },
    "node_modules/chokidar": {
      "version": "3.5.2",
      "resolved": "https://registry.npmjs.org/chokidar/-/chokidar-3.5.2.tgz",
      "integrity": "sha512-ekGhOnNVPgT77r4K/U3GDhu+FQ2S8TnK/s2KbIGXi0SZWuwkZ2QNyfWdZW+TVfn84DpEP7rLeCt2UI6bJ8GwbQ==",
      "dev": true,
      "dependencies": {
        "anymatch": "~3.1.2",
        "braces": "~3.0.2",
        "glob-parent": "~5.1.2",
        "is-binary-path": "~2.1.0",
        "is-glob": "~4.0.1",
        "normalize-path": "~3.0.0",
        "readdirp": "~3.6.0"
      },
      "engines": {
        "node": ">= 8.10.0"
      },
      "optionalDependencies": {
        "fsevents": "~2.3.2"
      }
    },
    "node_modules/cross-spawn": {
      "version": "7.0.3",
      "resolved": "https://registry.npmjs.org/cross-spawn/-/cross-spawn-7.0.3.tgz",
      "integrity": "sha512-iRDPJKUPVEND7dHPO8rkbOnPpyDygcDFtWjpeWNCgy8WP2rXcxXL8TskReQl6OrB2G7+UJrags1q15Fudc7G6w==",
      "dev": true,
      "dependencies": {
        "path-key": "^3.1.0",
        "shebang-command": "^2.0.0",
        "which": "^2.0.1"
      },
      "engines": {
        "node": ">= 8"
      }
    },
    "node_modules/element-notifier": {
      "version": "0.2.0",
      "resolved": "https://registry.npmjs.org/element-notifier/-/element-notifier-0.2.0.tgz",
      "integrity": "sha512-S34ZVw36B5KECmwcVYbwx1+qwpt/Eq+7m7s2FTR9lIXiGRwS2vsrhJygqyLnNeekvf54nVhj4rzeXTF/96urNw==",
      "dev": true
    },
    "node_modules/execa": {
      "version": "5.1.1",
      "resolved": "https://registry.npmjs.org/execa/-/execa-5.1.1.tgz",
      "integrity": "sha512-8uSpZZocAZRBAPIEINJj3Lo9HyGitllczc27Eh5YYojjMFMn8yHMDMaUHE2Jqfq05D/wucwI4JGURyXt1vchyg==",
      "dev": true,
      "dependencies": {
        "cross-spawn": "^7.0.3",
        "get-stream": "^6.0.0",
        "human-signals": "^2.1.0",
        "is-stream": "^2.0.0",
        "merge-stream": "^2.0.0",
        "npm-run-path": "^4.0.1",
        "onetime": "^5.1.2",
        "signal-exit": "^3.0.3",
        "strip-final-newline": "^2.0.0"
      },
      "engines": {
        "node": ">=10"
      },
      "funding": {
        "url": "https://github.com/sindresorhus/execa?sponsor=1"
      }
    },
    "node_modules/fill-range": {
      "version": "7.0.1",
      "resolved": "https://registry.npmjs.org/fill-range/-/fill-range-7.0.1.tgz",
      "integrity": "sha512-qOo9F+dMUmC2Lcb4BbVvnKJxTPjCm+RRpe4gDuGrzkL7mEVl/djYSu2OdQ2Pa302N4oqkSg9ir6jaLWJ2USVpQ==",
      "dev": true,
      "dependencies": {
        "to-regex-range": "^5.0.1"
      },
      "engines": {
        "node": ">=8"
      }
    },
    "node_modules/find-up": {
      "version": "5.0.0",
      "resolved": "https://registry.npmjs.org/find-up/-/find-up-5.0.0.tgz",
      "integrity": "sha512-78/PXT1wlLLDgTzDs7sjq9hzz0vXD+zn+7wypEe4fXQxCmdmqfGsEPQxmiCSQI3ajFV91bVSsvNtrJRiW6nGng==",
      "dev": true,
      "dependencies": {
        "locate-path": "^6.0.0",
        "path-exists": "^4.0.0"
      },
      "engines": {
        "node": ">=10"
      },
      "funding": {
        "url": "https://github.com/sponsors/sindresorhus"
      }
    },
    "node_modules/get-stream": {
      "version": "6.0.1",
      "resolved": "https://registry.npmjs.org/get-stream/-/get-stream-6.0.1.tgz",
      "integrity": "sha512-ts6Wi+2j3jQjqi70w5AlN8DFnkSwC+MqmxEzdEALB2qXZYV3X/b1CTfgPLGJNMeAWxdPfU8FO1ms3NUfaHCPYg==",
      "dev": true,
      "engines": {
        "node": ">=10"
      },
      "funding": {
        "url": "https://github.com/sponsors/sindresorhus"
      }
    },
    "node_modules/glob-parent": {
      "version": "5.1.2",
      "resolved": "https://registry.npmjs.org/glob-parent/-/glob-parent-5.1.2.tgz",
      "integrity": "sha512-AOIgSQCepiJYwP3ARnGx+5VnTu2HBYdzbGP45eLw1vr3zB3vZLeyed1sC9hnbcOc9/SrMyM5RPQrkGz4aS9Zow==",
      "dev": true,
      "dependencies": {
        "is-glob": "^4.0.1"
      },
      "engines": {
        "node": ">= 6"
      }
    },
    "node_modules/human-signals": {
      "version": "2.1.0",
      "resolved": "https://registry.npmjs.org/human-signals/-/human-signals-2.1.0.tgz",
      "integrity": "sha512-B4FFZ6q/T2jhhksgkbEW3HBvWIfDW85snkQgawt07S7J5QXTk6BkNV+0yAeZrM5QpMAdYlocGoljn0sJ/WQkFw==",
      "dev": true,
      "engines": {
        "node": ">=10.17.0"
      }
    },
    "node_modules/immutable": {
      "version": "4.0.0",
      "resolved": "https://registry.npmjs.org/immutable/-/immutable-4.0.0.tgz",
      "integrity": "sha512-zIE9hX70qew5qTUjSS7wi1iwj/l7+m54KWU247nhM3v806UdGj1yDndXj+IOYxxtW9zyLI+xqFNZjTuDaLUqFw==",
      "dev": true
    },
    "node_modules/is-binary-path": {
      "version": "2.1.0",
      "resolved": "https://registry.npmjs.org/is-binary-path/-/is-binary-path-2.1.0.tgz",
      "integrity": "sha512-ZMERYes6pDydyuGidse7OsHxtbI7WVeUEozgR/g7rd0xUimYNlvZRE/K2MgZTjWy725IfelLeVcEM97mmtRGXw==",
      "dev": true,
      "dependencies": {
        "binary-extensions": "^2.0.0"
      },
      "engines": {
        "node": ">=8"
      }
    },
    "node_modules/is-extglob": {
      "version": "2.1.1",
      "resolved": "https://registry.npmjs.org/is-extglob/-/is-extglob-2.1.1.tgz",
      "integrity": "sha1-qIwCU1eR8C7TfHahueqXc8gz+MI=",
      "dev": true,
      "engines": {
        "node": ">=0.10.0"
      }
    },
    "node_modules/is-glob": {
      "version": "4.0.3",
      "resolved": "https://registry.npmjs.org/is-glob/-/is-glob-4.0.3.tgz",
      "integrity": "sha512-xelSayHH36ZgE7ZWhli7pW34hNbNl8Ojv5KVmkJD4hBdD3th8Tfk9vYasLM+mXWOZhFkgZfxhLSnrwRr4elSSg==",
      "dev": true,
      "dependencies": {
        "is-extglob": "^2.1.1"
      },
      "engines": {
        "node": ">=0.10.0"
      }
    },
    "node_modules/is-number": {
      "version": "7.0.0",
      "resolved": "https://registry.npmjs.org/is-number/-/is-number-7.0.0.tgz",
      "integrity": "sha512-41Cifkg6e8TylSpdtTpeLVMqvSBEVzTttHvERD741+pnZ8ANv0004MRL43QKPDlK9cGvNp6NZWZUBlbGXYxxng==",
      "dev": true,
      "engines": {
        "node": ">=0.12.0"
      }
    },
    "node_modules/is-stream": {
      "version": "2.0.1",
      "resolved": "https://registry.npmjs.org/is-stream/-/is-stream-2.0.1.tgz",
      "integrity": "sha512-hFoiJiTl63nn+kstHGBtewWSKnQLpyb155KHheA1l39uvtO9nWIop1p3udqPcUd/xbF1VLMO4n7OI6p7RbngDg==",
      "dev": true,
      "engines": {
        "node": ">=8"
      },
      "funding": {
        "url": "https://github.com/sponsors/sindresorhus"
      }
    },
    "node_modules/isexe": {
      "version": "2.0.0",
      "resolved": "https://registry.npmjs.org/isexe/-/isexe-2.0.0.tgz",
      "integrity": "sha1-6PvzdNxVb/iUehDcsFctYz8s+hA=",
      "dev": true
    },
    "node_modules/jsx2tag": {
      "version": "0.3.0",
      "resolved": "https://registry.npmjs.org/jsx2tag/-/jsx2tag-0.3.0.tgz",
      "integrity": "sha512-AcELEC4kZIByPXqtK+QdaQ0t7MVZkZ9zjoitLwqGkpLkopDwBOwpG0JHxBcqGaVkv2KF3jPFp6l3l/5cN3J/Yw==",
      "dev": true
    },
    "node_modules/locate-path": {
      "version": "6.0.0",
      "resolved": "https://registry.npmjs.org/locate-path/-/locate-path-6.0.0.tgz",
      "integrity": "sha512-iPZK6eYjbxRu3uB4/WZ3EsEIMJFMqAoopl3R+zuq0UjcAm/MO6KCweDgPfP3elTztoKP3KtnVHxTn2NHBSDVUw==",
      "dev": true,
      "dependencies": {
        "p-locate": "^5.0.0"
      },
      "engines": {
        "node": ">=10"
      },
      "funding": {
        "url": "https://github.com/sponsors/sindresorhus"
      }
    },
    "node_modules/merge-stream": {
      "version": "2.0.0",
      "resolved": "https://registry.npmjs.org/merge-stream/-/merge-stream-2.0.0.tgz",
      "integrity": "sha512-abv/qOcuPfk3URPfDzmZU1LKmuw8kT+0nIHvKrKgFrwifol/doWcdA4ZqsWQ8ENrFKkd67Mfpo/LovbIUsbt3w==",
      "dev": true
    },
    "node_modules/mimic-fn": {
      "version": "2.1.0",
      "resolved": "https://registry.npmjs.org/mimic-fn/-/mimic-fn-2.1.0.tgz",
      "integrity": "sha512-OqbOk5oEQeAZ8WXWydlu9HJjz9WVdEIvamMCcXmuqUYjTknH/sqsWvhQ3vgwKFRR1HpjvNBKQ37nbJgYzGqGcg==",
      "dev": true,
      "engines": {
        "node": ">=6"
      }
    },
    "node_modules/normalize-path": {
      "version": "3.0.0",
      "resolved": "https://registry.npmjs.org/normalize-path/-/normalize-path-3.0.0.tgz",
      "integrity": "sha512-6eZs5Ls3WtCisHWp9S2GUy8dqkpGi4BVSz3GaqiE6ezub0512ESztXUwUB6C6IKbQkY2Pnb/mD4WYojCRwcwLA==",
      "dev": true,
      "engines": {
        "node": ">=0.10.0"
      }
    },
    "node_modules/npm-run-path": {
      "version": "4.0.1",
      "resolved": "https://registry.npmjs.org/npm-run-path/-/npm-run-path-4.0.1.tgz",
      "integrity": "sha512-S48WzZW777zhNIrn7gxOlISNAqi9ZC/uQFnRdbeIHhZhCA6UqpkOT8T1G7BvfdgP4Er8gF4sUbaS0i7QvIfCWw==",
      "dev": true,
      "dependencies": {
        "path-key": "^3.0.0"
      },
      "engines": {
        "node": ">=8"
      }
    },
    "node_modules/onetime": {
      "version": "5.1.2",
      "resolved": "https://registry.npmjs.org/onetime/-/onetime-5.1.2.tgz",
      "integrity": "sha512-kbpaSSGJTWdAY5KPVeMOKXSrPtr8C8C7wodJbcsd51jRnmD+GZu8Y0VoU6Dm5Z4vWr0Ig/1NKuWRKf7j5aaYSg==",
      "dev": true,
      "dependencies": {
        "mimic-fn": "^2.1.0"
      },
      "engines": {
        "node": ">=6"
      },
      "funding": {
        "url": "https://github.com/sponsors/sindresorhus"
      }
    },
    "node_modules/p-limit": {
      "version": "3.1.0",
      "resolved": "https://registry.npmjs.org/p-limit/-/p-limit-3.1.0.tgz",
      "integrity": "sha512-TYOanM3wGwNGsZN2cVTYPArw454xnXj5qmWF1bEoAc4+cU/ol7GVh7odevjp1FNHduHc3KZMcFduxU5Xc6uJRQ==",
      "dev": true,
      "dependencies": {
        "yocto-queue": "^0.1.0"
      },
      "engines": {
        "node": ">=10"
      },
      "funding": {
        "url": "https://github.com/sponsors/sindresorhus"
      }
    },
    "node_modules/p-locate": {
      "version": "5.0.0",
      "resolved": "https://registry.npmjs.org/p-locate/-/p-locate-5.0.0.tgz",
      "integrity": "sha512-LaNjtRWUBY++zB5nE/NwcaoMylSPk+S+ZHNB1TzdbMJMny6dynpAGt7X/tl/QYq3TIeE6nxHppbo2LGymrG5Pw==",
      "dev": true,
      "dependencies": {
        "p-limit": "^3.0.2"
      },
      "engines": {
        "node": ">=10"
      },
      "funding": {
        "url": "https://github.com/sponsors/sindresorhus"
      }
    },
    "node_modules/path-exists": {
      "version": "4.0.0",
      "resolved": "https://registry.npmjs.org/path-exists/-/path-exists-4.0.0.tgz",
      "integrity": "sha512-ak9Qy5Q7jYb2Wwcey5Fpvg2KoAc/ZIhLSLOSBmRmygPsGwkVVt0fZa0qrtMz+m6tJTAHfZQ8FnmB4MG4LWy7/w==",
      "dev": true,
      "engines": {
        "node": ">=8"
      }
    },
    "node_modules/path-key": {
      "version": "3.1.1",
      "resolved": "https://registry.npmjs.org/path-key/-/path-key-3.1.1.tgz",
      "integrity": "sha512-ojmeN0qd+y0jszEtoY48r0Peq5dwMEkIlCOu6Q5f41lfkswXuKtYrhgoTpLnyIcHm24Uhqx+5Tqm2InSwLhE6Q==",
      "dev": true,
      "engines": {
        "node": ">=8"
      }
    },
    "node_modules/path-to-regexp": {
      "version": "6.2.0",
      "resolved": "https://registry.npmjs.org/path-to-regexp/-/path-to-regexp-6.2.0.tgz",
      "integrity": "sha512-f66KywYG6+43afgE/8j/GoiNyygk/bnoCbps++3ErRKsIYkGGupyv07R2Ok5m9i67Iqc+T2g1eAUGUPzWhYTyg==",
      "dev": true
    },
    "node_modules/picomatch": {
      "version": "2.3.1",
      "resolved": "https://registry.npmjs.org/picomatch/-/picomatch-2.3.1.tgz",
      "integrity": "sha512-JU3teHTNjmE2VCGFzuY8EXzCDVwEqB2a8fsIvwaStHhAWJEeVd1o1QD80CU6+ZdEXXSLbSsuLwJjkCBWqRQUVA==",
      "dev": true,
      "engines": {
        "node": ">=8.6"
      },
      "funding": {
        "url": "https://github.com/sponsors/jonschlinkert"
      }
    },
    "node_modules/rdf-form": {
      "version": "0.0.7",
      "resolved": "https://registry.npmjs.org/rdf-form/-/rdf-form-0.0.7.tgz",
      "integrity": "sha512-bOpgmC4ygHSvvPt8xqb76ZMiz5o58+Sgbs4INIYMrvzGBzq57SFZI8fr6mGuILlOz2yn8DioPag+FrTHnwo81g==",
      "engines": {
        "node": "^12.20.0 || ^14.13.1 || >=16.0.0"
      }
    },
    "node_modules/readdirp": {
      "version": "3.6.0",
      "resolved": "https://registry.npmjs.org/readdirp/-/readdirp-3.6.0.tgz",
      "integrity": "sha512-hOS089on8RduqdbhvQ5Z37A0ESjsqz6qnRcffsMU3495FuTdqSm+7bhJ29JvIOsBDEEnan5DPu9t3To9VRlMzA==",
      "dev": true,
      "dependencies": {
        "picomatch": "^2.2.1"
      },
      "engines": {
        "node": ">=8.10.0"
      }
    },
    "node_modules/sass": {
      "version": "1.48.0",
      "resolved": "https://registry.npmjs.org/sass/-/sass-1.48.0.tgz",
      "integrity": "sha512-hQi5g4DcfjcipotoHZ80l7GNJHGqQS5LwMBjVYB/TaT0vcSSpbgM8Ad7cgfsB2M0MinbkEQQPO9+sjjSiwxqmw==",
      "dev": true,
      "dependencies": {
        "chokidar": ">=3.0.0 <4.0.0",
        "immutable": "^4.0.0",
        "source-map-js": ">=0.6.2 <2.0.0"
      },
      "bin": {
        "sass": "sass.js"
      },
      "engines": {
        "node": ">=8.9.0"
      }
    },
    "node_modules/shebang-command": {
      "version": "2.0.0",
      "resolved": "https://registry.npmjs.org/shebang-command/-/shebang-command-2.0.0.tgz",
      "integrity": "sha512-kHxr2zZpYtdmrN1qDjrrX/Z1rR1kG8Dx+gkpK1G4eXmvXswmcE1hTWBWYUzlraYw1/yZp6YuDY77YtvbN0dmDA==",
      "dev": true,
      "dependencies": {
        "shebang-regex": "^3.0.0"
      },
      "engines": {
        "node": ">=8"
      }
    },
    "node_modules/shebang-regex": {
      "version": "3.0.0",
      "resolved": "https://registry.npmjs.org/shebang-regex/-/shebang-regex-3.0.0.tgz",
      "integrity": "sha512-7++dFhtcx3353uBaq8DDR4NuxBetBzC7ZQOhmTQInHEd6bSrXdiEyzCvG07Z44UYdLShWUyXt5M/yhz8ekcb1A==",
      "dev": true,
      "engines": {
        "node": ">=8"
      }
    },
    "node_modules/signal-exit": {
      "version": "3.0.6",
      "resolved": "https://registry.npmjs.org/signal-exit/-/signal-exit-3.0.6.tgz",
      "integrity": "sha512-sDl4qMFpijcGw22U5w63KmD3cZJfBuFlVNbVMKje2keoKML7X2UzWbc4XrmEbDwg0NXJc3yv4/ox7b+JWb57kQ==",
      "dev": true
    },
    "node_modules/source-map-js": {
      "version": "1.0.1",
      "resolved": "https://registry.npmjs.org/source-map-js/-/source-map-js-1.0.1.tgz",
      "integrity": "sha512-4+TN2b3tqOCd/kaGRJ/sTYA0tR0mdXx26ipdolxcwtJVqEnqNYvlCAt1q3ypy4QMlYus+Zh34RNtYLoq2oQ4IA==",
      "dev": true,
      "engines": {
        "node": ">=0.10.0"
      }
    },
    "node_modules/static-params": {
      "version": "0.2.1",
      "resolved": "https://registry.npmjs.org/static-params/-/static-params-0.2.1.tgz",
      "integrity": "sha512-fcoU717OFreuFWNGVnblzcd3pQiSLEA1pw97+sAuNycHT4x0uVdvLi/NsS9VlX77KxdBUdci4QmW9e0Iig4CQg==",
      "dev": true
    },
    "node_modules/strip-final-newline": {
      "version": "2.0.0",
      "resolved": "https://registry.npmjs.org/strip-final-newline/-/strip-final-newline-2.0.0.tgz",
      "integrity": "sha512-BrpvfNAE3dcvq7ll3xVumzjKjZQ5tI1sEUIKr3Uoks0XUl45St3FlatVqef9prk4jRDzhW6WZg+3bk93y6pLjA==",
      "dev": true,
      "engines": {
        "node": ">=6"
      }
    },
    "node_modules/to-regex-range": {
      "version": "5.0.1",
      "resolved": "https://registry.npmjs.org/to-regex-range/-/to-regex-range-5.0.1.tgz",
      "integrity": "sha512-65P7iz6X5yEr1cwcgvQxbbIw7Uk3gOy5dIdtZ4rDveLqhrdJP+Li/Hx6tyK0NEb+2GCyneCMJiGqrADCSNk8sQ==",
      "dev": true,
      "dependencies": {
        "is-number": "^7.0.0"
      },
      "engines": {
        "node": ">=8.0"
      }
    },
    "node_modules/uarray": {
      "version": "1.0.0",
      "resolved": "https://registry.npmjs.org/uarray/-/uarray-1.0.0.tgz",
      "integrity": "sha512-LHmiAd5QuAv7pU2vbh+Zq9YOnqVK0H764p2Ozinpfy9ka58OID4IsGLiXsitqH7n0NAIDxvax1A/kDXpii/Ckg==",
      "dev": true
    },
    "node_modules/ube": {
      "version": "0.2.1",
      "resolved": "https://registry.npmjs.org/ube/-/ube-0.2.1.tgz",
      "integrity": "sha512-6Ik9GkwYi4ztfFsyeoVPS2ef7keyT7nJMQqxlUhCNbNjk6WjnMn06FYlsuyiOhqVoSAe+wo3Uo3CPUDwnvawqA==",
      "dev": true,
      "dependencies": {
        "builtin-elements": "^0.3.1",
        "jsx2tag": "^0.3.0",
        "static-params": "^0.2.1",
        "uhtml": "^2.7.5"
      }
    },
    "node_modules/udomdiff": {
      "version": "1.1.0",
      "resolved": "https://registry.npmjs.org/udomdiff/-/udomdiff-1.1.0.tgz",
      "integrity": "sha512-aqjTs5x/wsShZBkVagdafJkP8S3UMGhkHKszsu1cszjjZ7iOp86+Qb3QOFYh01oWjPMy5ZTuxD6hw5uTKxd+VA==",
      "dev": true
    },
    "node_modules/uhandlers": {
      "version": "0.6.1",
      "resolved": "https://registry.npmjs.org/uhandlers/-/uhandlers-0.6.1.tgz",
      "integrity": "sha512-2jMpdT/3twUKnJxvVEtysdkw5v7KhynNvMP8sueocaGYgEXG6l9fG/66JlKrQo/jVNCF2gcJb3Ne7vYCeVR6tw==",
      "dev": true,
      "dependencies": {
        "uarray": "^1.0.0"
      }
    },
    "node_modules/uhtml": {
      "version": "2.8.0",
      "resolved": "https://registry.npmjs.org/uhtml/-/uhtml-2.8.0.tgz",
      "integrity": "sha512-UVtSfxRh06r06xQguEyWyQF2E6x9CbtxqRTG7gLunrTKO4y223+yRkrB0wiPFSaU5qdscDO5LAi65oFQk839zg==",
      "dev": true,
      "dependencies": {
        "@ungap/create-content": "^0.3.1",
        "async-tag": "^0.2.0",
        "jsx2tag": "^0.3.0",
        "uarray": "^1.0.0",
        "udomdiff": "^1.1.0",
        "uhandlers": "^0.6.0",
        "umap": "^1.0.2",
        "uparser": "^0.2.1",
        "uwire": "^1.1.0"
      }
    },
    "node_modules/umap": {
      "version": "1.0.2",
      "resolved": "https://registry.npmjs.org/umap/-/umap-1.0.2.tgz",
      "integrity": "sha512-bW127HgG4H4VAD6qlqO5vCC+7bnlYvZ6A6BdwyGblkWvlEG7VYpj1bcpf3iJpvyKmkPZWDIeZDmoULz67ec7NA==",
      "dev": true
    },
    "node_modules/universal-router": {
      "version": "9.1.0",
      "resolved": "https://registry.npmjs.org/universal-router/-/universal-router-9.1.0.tgz",
      "integrity": "sha512-lvD+R3Qb36Ld9suZuQW2hGJ1PfrRRxd568GM2thw/wByLurQUvqEOImE/lLjgeS5lhvcwuhc4vDt1JNO9q3S/g==",
      "dev": true,
      "dependencies": {
        "path-to-regexp": "^6.2.0"
      }
    },
    "node_modules/uparser": {
      "version": "0.2.1",
      "resolved": "https://registry.npmjs.org/uparser/-/uparser-0.2.1.tgz",
      "integrity": "sha512-hTwK8e+bAaER8gJBOysoFGjRPsX/xOthSPR/ieI9EgTf1rts9ey25tbDXIU0rDr/cGcLsvkCo1n8J/eccfAvvw==",
      "dev": true
    },
    "node_modules/uwire": {
      "version": "1.1.0",
      "resolved": "https://registry.npmjs.org/uwire/-/uwire-1.1.0.tgz",
      "integrity": "sha512-XJPmJnySabt8D0/wnfFFywgUOBnXszDEW32nEVIfOx1n6gLTZSp+X+70+blSnHKNiIUVSFPmmRuxOal0I/aB5g==",
      "dev": true,
      "dependencies": {
        "uarray": "^1.0.0"
      }
    },
    "node_modules/which": {
      "version": "2.0.2",
      "resolved": "https://registry.npmjs.org/which/-/which-2.0.2.tgz",
      "integrity": "sha512-BLI3Tl1TW3Pvl70l3yq3Y64i+awpwXqsGBYWkkqMtnbXgrMD+yj7rhW0kuEDxzJaYXGjEW5ogapKNMEKNMjibA==",
      "dev": true,
      "dependencies": {
        "isexe": "^2.0.0"
      },
      "bin": {
        "node-which": "bin/node-which"
      },
      "engines": {
        "node": ">= 8"
      }
    },
    "node_modules/yocto-queue": {
      "version": "0.1.0",
      "resolved": "https://registry.npmjs.org/yocto-queue/-/yocto-queue-0.1.0.tgz",
      "integrity": "sha512-rVksvsnNCdJ/ohGc6xgPwyN8eheCxsiLM8mxuE/t/mOVqJewPuO1miLpTHQiRgTKCLexL4MeAFVagts7HmNZ2Q==",
      "dev": true,
      "engines": {
        "node": ">=10"
      },
      "funding": {
        "url": "https://github.com/sponsors/sindresorhus"
      }
    }
  },
  "dependencies": {
    "@snowpack/plugin-sass": {
      "version": "1.4.0",
      "resolved": "https://registry.npmjs.org/@snowpack/plugin-sass/-/plugin-sass-1.4.0.tgz",
      "integrity": "sha512-Hzz/TYt4IKcjrInv+FyujLohtJHadZCUdz5nnfh1N7MwplHFmxgLuKiT8tsiafHFAGsuR+4ZpFTqLeSyQTHAhQ==",
      "dev": true,
      "requires": {
        "execa": "^5.0.0",
        "find-up": "^5.0.0",
        "npm-run-path": "^4.0.1",
        "sass": "^1.3.0"
      }
    },
    "@types/wicg-native-file-system": {
      "version": "2020.6.0",
      "resolved": "https://registry.npmjs.org/@types/wicg-native-file-system/-/wicg-native-file-system-2020.6.0.tgz",
      "integrity": "sha512-M7n6jvHfUzUXDtf6UGpL6rVIddV7UzEYrvwZPORApeHvDGQnZJ79fXorLlDj8xJKyUemnEBohRd8yx09k9NBUw==",
      "dev": true
    },
    "@ungap/create-content": {
      "version": "0.3.1",
      "resolved": "https://registry.npmjs.org/@ungap/create-content/-/create-content-0.3.1.tgz",
      "integrity": "sha512-SHzmtS3KHG+gzNhO/E0tFqs12vNC5H3YxpF8a8AeodB/iX3ZYcxzS8vgWXbDGmHy6bgl7m+f9+wDKBdqOVT5FA==",
      "dev": true
    },
    "@ungap/is-connected": {
      "version": "0.2.0",
      "resolved": "https://registry.npmjs.org/@ungap/is-connected/-/is-connected-0.2.0.tgz",
      "integrity": "sha512-VK0rsCIpkY3WFsvc2ncC0Xz6/BzFjUZiLncP6zmahl62fK8SnFeCPNeL+peFWA1J4cRJvvOuO5QI5wR2rJGK1g==",
      "dev": true
    },
    "anymatch": {
      "version": "3.1.2",
      "resolved": "https://registry.npmjs.org/anymatch/-/anymatch-3.1.2.tgz",
      "integrity": "sha512-P43ePfOAIupkguHUycrc4qJ9kz8ZiuOUijaETwX7THt0Y/GNK7v0aa8rY816xWjZ7rJdA5XdMcpVFTKMq+RvWg==",
      "dev": true,
      "requires": {
        "normalize-path": "^3.0.0",
        "picomatch": "^2.0.4"
      }
    },
    "async-tag": {
      "version": "0.2.0",
      "resolved": "https://registry.npmjs.org/async-tag/-/async-tag-0.2.0.tgz",
      "integrity": "sha512-hNstPiQvxVVJdkBjfBsNb3zDEM2IUY3Xp7qaadEnhaGXq1/OFdS+TuwjEJxnIvZRm7e13KrPW74fIeDra7P5vw==",
      "dev": true
    },
    "binary-extensions": {
      "version": "2.2.0",
      "resolved": "https://registry.npmjs.org/binary-extensions/-/binary-extensions-2.2.0.tgz",
      "integrity": "sha512-jDctJ/IVQbZoJykoeHbhXpOlNBqGNcwXJKJog42E5HDPUwQTSdjCHdihjj0DlnheQ7blbT6dHOafNAiS8ooQKA==",
      "dev": true
    },
    "braces": {
      "version": "3.0.2",
      "resolved": "https://registry.npmjs.org/braces/-/braces-3.0.2.tgz",
      "integrity": "sha512-b8um+L1RzM3WDSzvhm6gIz1yfTbBt6YTlcEKAvsmqCZZFw46z626lVj9j1yEPW33H5H+lBQpZMP1k8l+78Ha0A==",
      "dev": true,
      "requires": {
        "fill-range": "^7.0.1"
      }
    },
    "builtin-elements": {
      "version": "0.3.1",
      "resolved": "https://registry.npmjs.org/builtin-elements/-/builtin-elements-0.3.1.tgz",
      "integrity": "sha512-0Q8wFfWrluKJQhicvyjt0kVoqAPSQqcpDbbglsZ0ax0z7xbSlnVG5TZWmxVyVDg95RMsfCIxULU6LjOMr1qVXg==",
      "dev": true,
      "requires": {
        "@ungap/is-connected": "^0.2.0",
        "element-notifier": "^0.2.0"
      }
    },
    "chokidar": {
      "version": "3.5.2",
      "resolved": "https://registry.npmjs.org/chokidar/-/chokidar-3.5.2.tgz",
      "integrity": "sha512-ekGhOnNVPgT77r4K/U3GDhu+FQ2S8TnK/s2KbIGXi0SZWuwkZ2QNyfWdZW+TVfn84DpEP7rLeCt2UI6bJ8GwbQ==",
      "dev": true,
      "requires": {
        "anymatch": "~3.1.2",
        "braces": "~3.0.2",
        "fsevents": "~2.3.2",
        "glob-parent": "~5.1.2",
        "is-binary-path": "~2.1.0",
        "is-glob": "~4.0.1",
        "normalize-path": "~3.0.0",
        "readdirp": "~3.6.0"
      }
    },
    "cross-spawn": {
      "version": "7.0.3",
      "resolved": "https://registry.npmjs.org/cross-spawn/-/cross-spawn-7.0.3.tgz",
      "integrity": "sha512-iRDPJKUPVEND7dHPO8rkbOnPpyDygcDFtWjpeWNCgy8WP2rXcxXL8TskReQl6OrB2G7+UJrags1q15Fudc7G6w==",
      "dev": true,
      "requires": {
        "path-key": "^3.1.0",
        "shebang-command": "^2.0.0",
        "which": "^2.0.1"
      }
    },
    "element-notifier": {
      "version": "0.2.0",
      "resolved": "https://registry.npmjs.org/element-notifier/-/element-notifier-0.2.0.tgz",
      "integrity": "sha512-S34ZVw36B5KECmwcVYbwx1+qwpt/Eq+7m7s2FTR9lIXiGRwS2vsrhJygqyLnNeekvf54nVhj4rzeXTF/96urNw==",
      "dev": true
    },
    "execa": {
      "version": "5.1.1",
      "resolved": "https://registry.npmjs.org/execa/-/execa-5.1.1.tgz",
      "integrity": "sha512-8uSpZZocAZRBAPIEINJj3Lo9HyGitllczc27Eh5YYojjMFMn8yHMDMaUHE2Jqfq05D/wucwI4JGURyXt1vchyg==",
      "dev": true,
      "requires": {
        "cross-spawn": "^7.0.3",
        "get-stream": "^6.0.0",
        "human-signals": "^2.1.0",
        "is-stream": "^2.0.0",
        "merge-stream": "^2.0.0",
        "npm-run-path": "^4.0.1",
        "onetime": "^5.1.2",
        "signal-exit": "^3.0.3",
        "strip-final-newline": "^2.0.0"
      }
    },
    "fill-range": {
      "version": "7.0.1",
      "resolved": "https://registry.npmjs.org/fill-range/-/fill-range-7.0.1.tgz",
      "integrity": "sha512-qOo9F+dMUmC2Lcb4BbVvnKJxTPjCm+RRpe4gDuGrzkL7mEVl/djYSu2OdQ2Pa302N4oqkSg9ir6jaLWJ2USVpQ==",
      "dev": true,
      "requires": {
        "to-regex-range": "^5.0.1"
      }
    },
    "find-up": {
      "version": "5.0.0",
      "resolved": "https://registry.npmjs.org/find-up/-/find-up-5.0.0.tgz",
      "integrity": "sha512-78/PXT1wlLLDgTzDs7sjq9hzz0vXD+zn+7wypEe4fXQxCmdmqfGsEPQxmiCSQI3ajFV91bVSsvNtrJRiW6nGng==",
      "dev": true,
      "requires": {
        "locate-path": "^6.0.0",
        "path-exists": "^4.0.0"
      }
    },
    "get-stream": {
      "version": "6.0.1",
      "resolved": "https://registry.npmjs.org/get-stream/-/get-stream-6.0.1.tgz",
      "integrity": "sha512-ts6Wi+2j3jQjqi70w5AlN8DFnkSwC+MqmxEzdEALB2qXZYV3X/b1CTfgPLGJNMeAWxdPfU8FO1ms3NUfaHCPYg==",
      "dev": true
    },
    "glob-parent": {
      "version": "5.1.2",
      "resolved": "https://registry.npmjs.org/glob-parent/-/glob-parent-5.1.2.tgz",
      "integrity": "sha512-AOIgSQCepiJYwP3ARnGx+5VnTu2HBYdzbGP45eLw1vr3zB3vZLeyed1sC9hnbcOc9/SrMyM5RPQrkGz4aS9Zow==",
      "dev": true,
      "requires": {
        "is-glob": "^4.0.1"
      }
    },
    "human-signals": {
      "version": "2.1.0",
      "resolved": "https://registry.npmjs.org/human-signals/-/human-signals-2.1.0.tgz",
      "integrity": "sha512-B4FFZ6q/T2jhhksgkbEW3HBvWIfDW85snkQgawt07S7J5QXTk6BkNV+0yAeZrM5QpMAdYlocGoljn0sJ/WQkFw==",
      "dev": true
    },
    "immutable": {
      "version": "4.0.0",
      "resolved": "https://registry.npmjs.org/immutable/-/immutable-4.0.0.tgz",
      "integrity": "sha512-zIE9hX70qew5qTUjSS7wi1iwj/l7+m54KWU247nhM3v806UdGj1yDndXj+IOYxxtW9zyLI+xqFNZjTuDaLUqFw==",
      "dev": true
    },
    "is-binary-path": {
      "version": "2.1.0",
      "resolved": "https://registry.npmjs.org/is-binary-path/-/is-binary-path-2.1.0.tgz",
      "integrity": "sha512-ZMERYes6pDydyuGidse7OsHxtbI7WVeUEozgR/g7rd0xUimYNlvZRE/K2MgZTjWy725IfelLeVcEM97mmtRGXw==",
      "dev": true,
      "requires": {
        "binary-extensions": "^2.0.0"
      }
    },
    "is-extglob": {
      "version": "2.1.1",
      "resolved": "https://registry.npmjs.org/is-extglob/-/is-extglob-2.1.1.tgz",
      "integrity": "sha1-qIwCU1eR8C7TfHahueqXc8gz+MI=",
      "dev": true
    },
    "is-glob": {
      "version": "4.0.3",
      "resolved": "https://registry.npmjs.org/is-glob/-/is-glob-4.0.3.tgz",
      "integrity": "sha512-xelSayHH36ZgE7ZWhli7pW34hNbNl8Ojv5KVmkJD4hBdD3th8Tfk9vYasLM+mXWOZhFkgZfxhLSnrwRr4elSSg==",
      "dev": true,
      "requires": {
        "is-extglob": "^2.1.1"
      }
    },
    "is-number": {
      "version": "7.0.0",
      "resolved": "https://registry.npmjs.org/is-number/-/is-number-7.0.0.tgz",
      "integrity": "sha512-41Cifkg6e8TylSpdtTpeLVMqvSBEVzTttHvERD741+pnZ8ANv0004MRL43QKPDlK9cGvNp6NZWZUBlbGXYxxng==",
      "dev": true
    },
    "is-stream": {
      "version": "2.0.1",
      "resolved": "https://registry.npmjs.org/is-stream/-/is-stream-2.0.1.tgz",
      "integrity": "sha512-hFoiJiTl63nn+kstHGBtewWSKnQLpyb155KHheA1l39uvtO9nWIop1p3udqPcUd/xbF1VLMO4n7OI6p7RbngDg==",
      "dev": true
    },
    "isexe": {
      "version": "2.0.0",
      "resolved": "https://registry.npmjs.org/isexe/-/isexe-2.0.0.tgz",
      "integrity": "sha1-6PvzdNxVb/iUehDcsFctYz8s+hA=",
      "dev": true
    },
    "jsx2tag": {
      "version": "0.3.0",
      "resolved": "https://registry.npmjs.org/jsx2tag/-/jsx2tag-0.3.0.tgz",
      "integrity": "sha512-AcELEC4kZIByPXqtK+QdaQ0t7MVZkZ9zjoitLwqGkpLkopDwBOwpG0JHxBcqGaVkv2KF3jPFp6l3l/5cN3J/Yw==",
      "dev": true
    },
    "locate-path": {
      "version": "6.0.0",
      "resolved": "https://registry.npmjs.org/locate-path/-/locate-path-6.0.0.tgz",
      "integrity": "sha512-iPZK6eYjbxRu3uB4/WZ3EsEIMJFMqAoopl3R+zuq0UjcAm/MO6KCweDgPfP3elTztoKP3KtnVHxTn2NHBSDVUw==",
      "dev": true,
      "requires": {
        "p-locate": "^5.0.0"
      }
    },
    "merge-stream": {
      "version": "2.0.0",
      "resolved": "https://registry.npmjs.org/merge-stream/-/merge-stream-2.0.0.tgz",
      "integrity": "sha512-abv/qOcuPfk3URPfDzmZU1LKmuw8kT+0nIHvKrKgFrwifol/doWcdA4ZqsWQ8ENrFKkd67Mfpo/LovbIUsbt3w==",
      "dev": true
    },
    "mimic-fn": {
      "version": "2.1.0",
      "resolved": "https://registry.npmjs.org/mimic-fn/-/mimic-fn-2.1.0.tgz",
      "integrity": "sha512-OqbOk5oEQeAZ8WXWydlu9HJjz9WVdEIvamMCcXmuqUYjTknH/sqsWvhQ3vgwKFRR1HpjvNBKQ37nbJgYzGqGcg==",
      "dev": true
    },
    "normalize-path": {
      "version": "3.0.0",
      "resolved": "https://registry.npmjs.org/normalize-path/-/normalize-path-3.0.0.tgz",
      "integrity": "sha512-6eZs5Ls3WtCisHWp9S2GUy8dqkpGi4BVSz3GaqiE6ezub0512ESztXUwUB6C6IKbQkY2Pnb/mD4WYojCRwcwLA==",
      "dev": true
    },
    "npm-run-path": {
      "version": "4.0.1",
      "resolved": "https://registry.npmjs.org/npm-run-path/-/npm-run-path-4.0.1.tgz",
      "integrity": "sha512-S48WzZW777zhNIrn7gxOlISNAqi9ZC/uQFnRdbeIHhZhCA6UqpkOT8T1G7BvfdgP4Er8gF4sUbaS0i7QvIfCWw==",
      "dev": true,
      "requires": {
        "path-key": "^3.0.0"
      }
    },
    "onetime": {
      "version": "5.1.2",
      "resolved": "https://registry.npmjs.org/onetime/-/onetime-5.1.2.tgz",
      "integrity": "sha512-kbpaSSGJTWdAY5KPVeMOKXSrPtr8C8C7wodJbcsd51jRnmD+GZu8Y0VoU6Dm5Z4vWr0Ig/1NKuWRKf7j5aaYSg==",
      "dev": true,
      "requires": {
        "mimic-fn": "^2.1.0"
      }
    },
    "p-limit": {
      "version": "3.1.0",
      "resolved": "https://registry.npmjs.org/p-limit/-/p-limit-3.1.0.tgz",
      "integrity": "sha512-TYOanM3wGwNGsZN2cVTYPArw454xnXj5qmWF1bEoAc4+cU/ol7GVh7odevjp1FNHduHc3KZMcFduxU5Xc6uJRQ==",
      "dev": true,
      "requires": {
        "yocto-queue": "^0.1.0"
      }
    },
    "p-locate": {
      "version": "5.0.0",
      "resolved": "https://registry.npmjs.org/p-locate/-/p-locate-5.0.0.tgz",
      "integrity": "sha512-LaNjtRWUBY++zB5nE/NwcaoMylSPk+S+ZHNB1TzdbMJMny6dynpAGt7X/tl/QYq3TIeE6nxHppbo2LGymrG5Pw==",
      "dev": true,
      "requires": {
        "p-limit": "^3.0.2"
      }
    },
    "path-exists": {
      "version": "4.0.0",
      "resolved": "https://registry.npmjs.org/path-exists/-/path-exists-4.0.0.tgz",
      "integrity": "sha512-ak9Qy5Q7jYb2Wwcey5Fpvg2KoAc/ZIhLSLOSBmRmygPsGwkVVt0fZa0qrtMz+m6tJTAHfZQ8FnmB4MG4LWy7/w==",
      "dev": true
    },
    "path-key": {
      "version": "3.1.1",
      "resolved": "https://registry.npmjs.org/path-key/-/path-key-3.1.1.tgz",
      "integrity": "sha512-ojmeN0qd+y0jszEtoY48r0Peq5dwMEkIlCOu6Q5f41lfkswXuKtYrhgoTpLnyIcHm24Uhqx+5Tqm2InSwLhE6Q==",
      "dev": true
    },
    "path-to-regexp": {
      "version": "6.2.0",
      "resolved": "https://registry.npmjs.org/path-to-regexp/-/path-to-regexp-6.2.0.tgz",
      "integrity": "sha512-f66KywYG6+43afgE/8j/GoiNyygk/bnoCbps++3ErRKsIYkGGupyv07R2Ok5m9i67Iqc+T2g1eAUGUPzWhYTyg==",
      "dev": true
    },
    "picomatch": {
      "version": "2.3.1",
      "resolved": "https://registry.npmjs.org/picomatch/-/picomatch-2.3.1.tgz",
      "integrity": "sha512-JU3teHTNjmE2VCGFzuY8EXzCDVwEqB2a8fsIvwaStHhAWJEeVd1o1QD80CU6+ZdEXXSLbSsuLwJjkCBWqRQUVA==",
      "dev": true
    },
    "rdf-form": {
      "version": "0.0.7",
      "resolved": "https://registry.npmjs.org/rdf-form/-/rdf-form-0.0.7.tgz",
      "integrity": "sha512-bOpgmC4ygHSvvPt8xqb76ZMiz5o58+Sgbs4INIYMrvzGBzq57SFZI8fr6mGuILlOz2yn8DioPag+FrTHnwo81g=="
    },
    "readdirp": {
      "version": "3.6.0",
      "resolved": "https://registry.npmjs.org/readdirp/-/readdirp-3.6.0.tgz",
      "integrity": "sha512-hOS089on8RduqdbhvQ5Z37A0ESjsqz6qnRcffsMU3495FuTdqSm+7bhJ29JvIOsBDEEnan5DPu9t3To9VRlMzA==",
      "dev": true,
      "requires": {
        "picomatch": "^2.2.1"
      }
    },
    "sass": {
      "version": "1.48.0",
      "resolved": "https://registry.npmjs.org/sass/-/sass-1.48.0.tgz",
      "integrity": "sha512-hQi5g4DcfjcipotoHZ80l7GNJHGqQS5LwMBjVYB/TaT0vcSSpbgM8Ad7cgfsB2M0MinbkEQQPO9+sjjSiwxqmw==",
      "dev": true,
      "requires": {
        "chokidar": ">=3.0.0 <4.0.0",
        "immutable": "^4.0.0",
        "source-map-js": ">=0.6.2 <2.0.0"
      }
    },
    "shebang-command": {
      "version": "2.0.0",
      "resolved": "https://registry.npmjs.org/shebang-command/-/shebang-command-2.0.0.tgz",
      "integrity": "sha512-kHxr2zZpYtdmrN1qDjrrX/Z1rR1kG8Dx+gkpK1G4eXmvXswmcE1hTWBWYUzlraYw1/yZp6YuDY77YtvbN0dmDA==",
      "dev": true,
      "requires": {
        "shebang-regex": "^3.0.0"
      }
    },
    "shebang-regex": {
      "version": "3.0.0",
      "resolved": "https://registry.npmjs.org/shebang-regex/-/shebang-regex-3.0.0.tgz",
      "integrity": "sha512-7++dFhtcx3353uBaq8DDR4NuxBetBzC7ZQOhmTQInHEd6bSrXdiEyzCvG07Z44UYdLShWUyXt5M/yhz8ekcb1A==",
      "dev": true
    },
    "signal-exit": {
      "version": "3.0.6",
      "resolved": "https://registry.npmjs.org/signal-exit/-/signal-exit-3.0.6.tgz",
      "integrity": "sha512-sDl4qMFpijcGw22U5w63KmD3cZJfBuFlVNbVMKje2keoKML7X2UzWbc4XrmEbDwg0NXJc3yv4/ox7b+JWb57kQ==",
      "dev": true
    },
    "source-map-js": {
      "version": "1.0.1",
      "resolved": "https://registry.npmjs.org/source-map-js/-/source-map-js-1.0.1.tgz",
      "integrity": "sha512-4+TN2b3tqOCd/kaGRJ/sTYA0tR0mdXx26ipdolxcwtJVqEnqNYvlCAt1q3ypy4QMlYus+Zh34RNtYLoq2oQ4IA==",
      "dev": true
    },
    "static-params": {
      "version": "0.2.1",
      "resolved": "https://registry.npmjs.org/static-params/-/static-params-0.2.1.tgz",
      "integrity": "sha512-fcoU717OFreuFWNGVnblzcd3pQiSLEA1pw97+sAuNycHT4x0uVdvLi/NsS9VlX77KxdBUdci4QmW9e0Iig4CQg==",
      "dev": true
    },
    "strip-final-newline": {
      "version": "2.0.0",
      "resolved": "https://registry.npmjs.org/strip-final-newline/-/strip-final-newline-2.0.0.tgz",
      "integrity": "sha512-BrpvfNAE3dcvq7ll3xVumzjKjZQ5tI1sEUIKr3Uoks0XUl45St3FlatVqef9prk4jRDzhW6WZg+3bk93y6pLjA==",
      "dev": true
    },
    "to-regex-range": {
      "version": "5.0.1",
      "resolved": "https://registry.npmjs.org/to-regex-range/-/to-regex-range-5.0.1.tgz",
      "integrity": "sha512-65P7iz6X5yEr1cwcgvQxbbIw7Uk3gOy5dIdtZ4rDveLqhrdJP+Li/Hx6tyK0NEb+2GCyneCMJiGqrADCSNk8sQ==",
      "dev": true,
      "requires": {
        "is-number": "^7.0.0"
      }
    },
    "uarray": {
      "version": "1.0.0",
      "resolved": "https://registry.npmjs.org/uarray/-/uarray-1.0.0.tgz",
      "integrity": "sha512-LHmiAd5QuAv7pU2vbh+Zq9YOnqVK0H764p2Ozinpfy9ka58OID4IsGLiXsitqH7n0NAIDxvax1A/kDXpii/Ckg==",
      "dev": true
    },
    "ube": {
      "version": "0.2.1",
      "resolved": "https://registry.npmjs.org/ube/-/ube-0.2.1.tgz",
      "integrity": "sha512-6Ik9GkwYi4ztfFsyeoVPS2ef7keyT7nJMQqxlUhCNbNjk6WjnMn06FYlsuyiOhqVoSAe+wo3Uo3CPUDwnvawqA==",
      "dev": true,
      "requires": {
        "builtin-elements": "^0.3.1",
        "jsx2tag": "^0.3.0",
        "static-params": "^0.2.1",
        "uhtml": "^2.7.5"
      }
    },
    "udomdiff": {
      "version": "1.1.0",
      "resolved": "https://registry.npmjs.org/udomdiff/-/udomdiff-1.1.0.tgz",
      "integrity": "sha512-aqjTs5x/wsShZBkVagdafJkP8S3UMGhkHKszsu1cszjjZ7iOp86+Qb3QOFYh01oWjPMy5ZTuxD6hw5uTKxd+VA==",
      "dev": true
    },
    "uhandlers": {
      "version": "0.6.1",
      "resolved": "https://registry.npmjs.org/uhandlers/-/uhandlers-0.6.1.tgz",
      "integrity": "sha512-2jMpdT/3twUKnJxvVEtysdkw5v7KhynNvMP8sueocaGYgEXG6l9fG/66JlKrQo/jVNCF2gcJb3Ne7vYCeVR6tw==",
      "dev": true,
      "requires": {
        "uarray": "^1.0.0"
      }
    },
    "uhtml": {
      "version": "2.8.0",
      "resolved": "https://registry.npmjs.org/uhtml/-/uhtml-2.8.0.tgz",
      "integrity": "sha512-UVtSfxRh06r06xQguEyWyQF2E6x9CbtxqRTG7gLunrTKO4y223+yRkrB0wiPFSaU5qdscDO5LAi65oFQk839zg==",
      "dev": true,
      "requires": {
        "@ungap/create-content": "^0.3.1",
        "async-tag": "^0.2.0",
        "jsx2tag": "^0.3.0",
        "uarray": "^1.0.0",
        "udomdiff": "^1.1.0",
        "uhandlers": "^0.6.0",
        "umap": "^1.0.2",
        "uparser": "^0.2.1",
        "uwire": "^1.1.0"
      }
    },
    "umap": {
      "version": "1.0.2",
      "resolved": "https://registry.npmjs.org/umap/-/umap-1.0.2.tgz",
      "integrity": "sha512-bW127HgG4H4VAD6qlqO5vCC+7bnlYvZ6A6BdwyGblkWvlEG7VYpj1bcpf3iJpvyKmkPZWDIeZDmoULz67ec7NA==",
      "dev": true
    },
    "universal-router": {
      "version": "9.1.0",
      "resolved": "https://registry.npmjs.org/universal-router/-/universal-router-9.1.0.tgz",
      "integrity": "sha512-lvD+R3Qb36Ld9suZuQW2hGJ1PfrRRxd568GM2thw/wByLurQUvqEOImE/lLjgeS5lhvcwuhc4vDt1JNO9q3S/g==",
      "dev": true,
      "requires": {
        "path-to-regexp": "^6.2.0"
      }
    },
    "uparser": {
      "version": "0.2.1",
      "resolved": "https://registry.npmjs.org/uparser/-/uparser-0.2.1.tgz",
      "integrity": "sha512-hTwK8e+bAaER8gJBOysoFGjRPsX/xOthSPR/ieI9EgTf1rts9ey25tbDXIU0rDr/cGcLsvkCo1n8J/eccfAvvw==",
      "dev": true
    },
    "uwire": {
      "version": "1.1.0",
      "resolved": "https://registry.npmjs.org/uwire/-/uwire-1.1.0.tgz",
      "integrity": "sha512-XJPmJnySabt8D0/wnfFFywgUOBnXszDEW32nEVIfOx1n6gLTZSp+X+70+blSnHKNiIUVSFPmmRuxOal0I/aB5g==",
      "dev": true,
      "requires": {
        "uarray": "^1.0.0"
      }
    },
    "which": {
      "version": "2.0.2",
      "resolved": "https://registry.npmjs.org/which/-/which-2.0.2.tgz",
      "integrity": "sha512-BLI3Tl1TW3Pvl70l3yq3Y64i+awpwXqsGBYWkkqMtnbXgrMD+yj7rhW0kuEDxzJaYXGjEW5ogapKNMEKNMjibA==",
      "dev": true,
      "requires": {
        "isexe": "^2.0.0"
      }
    },
    "yocto-queue": {
      "version": "0.1.0",
      "resolved": "https://registry.npmjs.org/yocto-queue/-/yocto-queue-0.1.0.tgz",
      "integrity": "sha512-rVksvsnNCdJ/ohGc6xgPwyN8eheCxsiLM8mxuE/t/mOVqJewPuO1miLpTHQiRgTKCLexL4MeAFVagts7HmNZ2Q==",
      "dev": true
    }
  }
}
